// !$*UTF8*$!
{
	"archiveVersion" = "1";
	"classes" = {
	};
	"objectVersion" = "56";
	"objects" = {
		"734399CC5ADF15F31FBB8FDF" = {
			"isa" = "PBXFileReference";
			"lastKnownFileType" = "text.xcconfig";
			"path" = "Config/Debug.xcconfig";
			"sourceTree" = "SOURCE_ROOT";
		};
		"B4686A9D30CDA7DE4C3F2F33" = {
			"isa" = "PBXFileReference";
			"lastKnownFileType" = "text.plist.xml";
			"path" = "Config/Info.plist";
			"sourceTree" = "SOURCE_ROOT";
		};
		"6414AD7185FE22D4F0767C2B" = {
			"isa" = "PBXFileReference";
			"lastKnownFileType" = "text.xcconfig";
			"path" = "Config/Release.xcconfig";
			"sourceTree" = "SOURCE_ROOT";
		};
		"45134B7486A66B43C05DD36F" = {
			"isa" = "PBXFileReference";
			"lastKnownFileType" = "sourcecode.swift";
			"path" = "QuicktickNative/App/BackgroundDownloadEvents.swift";
			"sourceTree" = "SOURCE_ROOT";
		};
		"D4FD1C87D8933489852E04A7" = {
			"isa" = "PBXBuildFile";
			"fileRef" = "45134B7486A66B43C05DD36F";
		};
		"907362A7CF4ADBC7CAE0AFC6" = {
			"isa" = "PBXFileReference";
			"lastKnownFileType" = "sourcecode.swift";
			"path" = "QuicktickNative/App/QuicktickNativeApp.swift";
			"sourceTree" = "SOURCE_ROOT";
		};
		"2DEC5046A9C8EEFAC629537C" = {
			"isa" = "PBXBuildFile";
			"fileRef" = "907362A7CF4ADBC7CAE0AFC6";
		};
		"1CB8D62245F6A30ACD4E11A4" = {
			"isa" = "PBXFileReference";
			"lastKnownFileType" = "sourcecode.swift";
			"path" = "QuicktickNative/Models/Comment.swift";
			"sourceTree" = "SOURCE_ROOT";
		};
		"34AB723F8387E1EF6F4A187A" = {
			"isa" = "PBXBuildFile";
			"fileRef" = "1CB8D62245F6A30ACD4E11A4";
		};
		"31E47C94D5ED38B3FBF8B2D3" = {
			"isa" = "PBXFileReference";
			"lastKnownFileType" = "sourcecode.swift";
			"path" = "QuicktickNative/Models/DownloadRecord.swift";
			"sourceTree" = "SOURCE_ROOT";
		};
		"78D3CEBAFF2BDC79E45DD180" = {
			"isa" = "PBXBuildFile";
			"fileRef" = "31E47C94D5ED38B3FBF8B2D3";
		};
		"2FBA7AE2BF2B055F91C7FE95" = {
			"isa" = "PBXFileReference";
			"lastKnownFileType" = "sourcecode.swift";
			"path" = "QuicktickNative/Models/Post.swift";
			"sourceTree" = "SOURCE_ROOT";
		};
		"7586A8736CAC9136DF6A5EDE" = {
			"isa" = "PBXBuildFile";
			"fileRef" = "2FBA7AE2BF2B055F91C7FE95";
		};
		"3A7271491A671AAACEE62138" = {
			"isa" = "PBXFileReference";
			"lastKnownFileType" = "sourcecode.swift";
			"path" = "QuicktickNative/Models/Provider.swift";
			"sourceTree" = "SOURCE_ROOT";
		};
		"6CE2E28A3BC95A3DE6235200" = {
			"isa" = "PBXBuildFile";
			"fileRef" = "3A7271491A671AAACEE62138";
		};
		"B3228848DF402F2575178CEA" = {
			"isa" = "PBXFileReference";
			"lastKnownFileType" = "sourcecode.swift";
			"path" = "QuicktickNative/Models/RecommendationModels.swift";
			"sourceTree" = "SOURCE_ROOT";
		};
		"74C3000342B3600E81357A77" = {
			"isa" = "PBXBuildFile";
			"fileRef" = "B3228848DF402F2575178CEA";
		};
		"1E905080AB05B4DFB71C9BF9" = {
			"isa" = "PBXFileReference";
			"lastKnownFileType" = "sourcecode.swift";
			"path" = "QuicktickNative/Models/SyncModels.swift";
			"sourceTree" = "SOURCE_ROOT";
		};
		"EDE746768E74007E9D47D708" = {
			"isa" = "PBXBuildFile";
			"fileRef" = "1E905080AB05B4DFB71C9BF9";
		};
		"DC1E49A478061D498896EA51" = {
			"isa" = "PBXFileReference";
			"lastKnownFileType" = "sourcecode.swift";
			"path" = "QuicktickNative/Services/DownloadManager.swift";
			"sourceTree" = "SOURCE_ROOT";
		};
		"04FD5CB7FE8230973247D44E" = {
			"isa" = "PBXBuildFile";
			"fileRef" = "DC1E49A478061D498896EA51";
		};
		"54E33A269CEE13883C732856" = {
			"isa" = "PBXFileReference";
			"lastKnownFileType" = "sourcecode.swift";
			"path" = "QuicktickNative/Services/KeychainStore.swift";
			"sourceTree" = "SOURCE_ROOT";
		};
		"A4CB4F1BDFB6D2C9C0E50552" = {
			"isa" = "PBXBuildFile";
			"fileRef" = "54E33A269CEE13883C732856";
		};
		"C68DB58B031F4FAE76676837" = {
			"isa" = "PBXFileReference";
			"lastKnownFileType" = "sourcecode.swift";
			"path" = "QuicktickNative/Services/LocalStateStore.swift";
			"sourceTree" = "SOURCE_ROOT";
		};
		"DFB5E91480114B0733A3604C" = {
			"isa" = "PBXBuildFile";
			"fileRef" = "C68DB58B031F4FAE76676837";
		};
		"389E1A33B22AC6CB4D33F2D8" = {
			"isa" = "PBXFileReference";
			"lastKnownFileType" = "sourcecode.swift";
			"path" = "QuicktickNative/Services/MediaResolver.swift";
			"sourceTree" = "SOURCE_ROOT";
		};
		"162CAE951FD81B08B180CC7A" = {
			"isa" = "PBXBuildFile";
			"fileRef" = "389E1A33B22AC6CB4D33F2D8";
		};
		"958E32079798A01E8FE33D3E" = {
			"isa" = "PBXFileReference";
			"lastKnownFileType" = "sourcecode.swift";
			"path" = "QuicktickNative/Services/PlayerPool.swift";
			"sourceTree" = "SOURCE_ROOT";
		};
		"89E242FC7239ACF9C06CBD6C" = {
			"isa" = "PBXBuildFile";
			"fileRef" = "958E32079798A01E8FE33D3E";
		};
		"2353CC5A2E0B0F2F27EC4689" = {
			"isa" = "PBXFileReference";
			"lastKnownFileType" = "sourcecode.swift";
			"path" = "QuicktickNative/Services/QueryParser.swift";
			"sourceTree" = "SOURCE_ROOT";
		};
		"425F5FC3C30F1DA237937F6E" = {
			"isa" = "PBXBuildFile";
			"fileRef" = "2353CC5A2E0B0F2F27EC4689";
		};
		"8766F1F6224A1FA0A79AF87D" = {
			"isa" = "PBXFileReference";
			"lastKnownFileType" = "sourcecode.swift";
			"path" = "QuicktickNative/Services/QuicktickAPIClient.swift";
			"sourceTree" = "SOURCE_ROOT";
		};
		"5B47A33EBE25072040414F02" = {
			"isa" = "PBXBuildFile";
			"fileRef" = "8766F1F6224A1FA0A79AF87D";
		};
		"E6303B6F7E12447B2BBDD490" = {
			"isa" = "PBXFileReference";
			"lastKnownFileType" = "sourcecode.swift";
			"path" = "QuicktickNative/Services/QuicktickSyncCrypto.swift";
			"sourceTree" = "SOURCE_ROOT";
		};
		"200BB25D8EF6835B61B65571" = {
			"isa" = "PBXBuildFile";
			"fileRef" = "E6303B6F7E12447B2BBDD490";
		};
		"52017ACAB005439921FF207A" = {
			"isa" = "PBXFileReference";
			"lastKnownFileType" = "sourcecode.swift";
			"path" = "QuicktickNative/Services/QuicktickSyncService.swift";
			"sourceTree" = "SOURCE_ROOT";
		};
		"8082EAC257B66C5E3F935AFB" = {
			"isa" = "PBXBuildFile";
			"fileRef" = "52017ACAB005439921FF207A";
		};
		"FCB2471E10381709D24E4BE2" = {
			"isa" = "PBXFileReference";
			"lastKnownFileType" = "sourcecode.swift";
			"path" = "QuicktickNative/Services/RecommendationBridge.swift";
			"sourceTree" = "SOURCE_ROOT";
		};
		"014EA25DE629E681B9205987" = {
			"isa" = "PBXBuildFile";
			"fileRef" = "FCB2471E10381709D24E4BE2";
		};
		"1CA4346E247B66C50EDB9280" = {
			"isa" = "PBXFileReference";
			"lastKnownFileType" = "sourcecode.swift";
			"path" = "QuicktickNative/Services/RecommendationEngine.swift";
			"sourceTree" = "SOURCE_ROOT";
		};
		"1D467EC36BF43BAF05661909" = {
			"isa" = "PBXBuildFile";
			"fileRef" = "1CA4346E247B66C50EDB9280";
		};
		"7C54B72DC1B9E24B33CFEBC1" = {
			"isa" = "PBXFileReference";
			"lastKnownFileType" = "sourcecode.swift";
			"path" = "QuicktickNative/Services/RecommendationPersistence.swift";
			"sourceTree" = "SOURCE_ROOT";
		};
		"8C78320B0214E9830B8B704C" = {
			"isa" = "PBXBuildFile";
			"fileRef" = "7C54B72DC1B9E24B33CFEBC1";
		};
		"60E93205A75B91DE3BE3FF87" = {
			"isa" = "PBXFileReference";
			"lastKnownFileType" = "sourcecode.swift";
			"path" = "QuicktickNative/Stores/AppStore.swift";
			"sourceTree" = "SOURCE_ROOT";
		};
		"A3DBBA346C911D403CEE722E" = {
			"isa" = "PBXBuildFile";
			"fileRef" = "60E93205A75B91DE3BE3FF87";
		};
		"2B2B7A4CE68DA91301C4F881" = {
			"isa" = "PBXFileReference";
			"lastKnownFileType" = "sourcecode.swift";
			"path" = "QuicktickNative/TestsSupport/UITestSyncSupport.swift";
			"sourceTree" = "SOURCE_ROOT";
		};
		"C6F2F0D622C7420C6DDC1F8D" = {
			"isa" = "PBXBuildFile";
			"fileRef" = "2B2B7A4CE68DA91301C4F881";
		};
		"D08EEE6354DE3E85DD6233EA" = {
			"isa" = "PBXFileReference";
			"lastKnownFileType" = "sourcecode.swift";
			"path" = "QuicktickNative/Views/AnimatedGIFSurface.swift";
			"sourceTree" = "SOURCE_ROOT";
		};
		"A0267183887649F0D3445D4D" = {
			"isa" = "PBXBuildFile";
			"fileRef" = "D08EEE6354DE3E85DD6233EA";
		};
		"DA5D3A3703705760A338173D" = {
			"isa" = "PBXFileReference";
			"lastKnownFileType" = "sourcecode.swift";
			"path" = "QuicktickNative/Views/AppTheme.swift";
			"sourceTree" = "SOURCE_ROOT";
		};
		"4AD8375EB7F87863CF4A2393" = {
			"isa" = "PBXBuildFile";
			"fileRef" = "DA5D3A3703705760A338173D";
		};
		"194A9491C4A6AC1DB3E849C3" = {
			"isa" = "PBXFileReference";
			"lastKnownFileType" = "sourcecode.swift";
			"path" = "QuicktickNative/Views/DownloadsFeedView.swift";
			"sourceTree" = "SOURCE_ROOT";
		};
		"E387E06DA4108E30F74431FB" = {
			"isa" = "PBXBuildFile";
			"fileRef" = "194A9491C4A6AC1DB3E849C3";
		};
		"DDE68145EE931C5A683E4D4E" = {
			"isa" = "PBXFileReference";
			"lastKnownFileType" = "sourcecode.swift";
			"path" = "QuicktickNative/Views/HomeFeedView.swift";
			"sourceTree" = "SOURCE_ROOT";
		};
		"5F5D5B6479064E9F062A8C14" = {
			"isa" = "PBXBuildFile";
			"fileRef" = "DDE68145EE931C5A683E4D4E";
		};
		"84FB9D25F36C5DD7573D03A6" = {
			"isa" = "PBXFileReference";
			"lastKnownFileType" = "sourcecode.swift";
			"path" = "QuicktickNative/Views/ImmersiveFeedView.swift";
			"sourceTree" = "SOURCE_ROOT";
		};
		"C55355093960707535D47288" = {
			"isa" = "PBXBuildFile";
			"fileRef" = "84FB9D25F36C5DD7573D03A6";
		};
		"C7ECA804C9D8CE01AE52A688" = {
			"isa" = "PBXFileReference";
			"lastKnownFileType" = "sourcecode.swift";
			"path" = "QuicktickNative/Views/NativePlayerSurface.swift";
			"sourceTree" = "SOURCE_ROOT";
		};
		"895213AA864B6BE22465566F" = {
			"isa" = "PBXBuildFile";
			"fileRef" = "C7ECA804C9D8CE01AE52A688";
		};
		"C4F4353A94D2BB68F6663B08" = {
			"isa" = "PBXFileReference";
			"lastKnownFileType" = "sourcecode.swift";
			"path" = "QuicktickNative/Views/NativeSearchBar.swift";
			"sourceTree" = "SOURCE_ROOT";
		};
		"63B2F804C0104A71893515CD" = {
			"isa" = "PBXBuildFile";
			"fileRef" = "C4F4353A94D2BB68F6663B08";
		};
		"CAC3892B6F49B3126EF8523B" = {
			"isa" = "PBXFileReference";
			"lastKnownFileType" = "sourcecode.swift";
			"path" = "QuicktickNative/Views/PostCardView.swift";
			"sourceTree" = "SOURCE_ROOT";
		};
		"7DCD0AC2B70A7CDAA6322831" = {
			"isa" = "PBXBuildFile";
			"fileRef" = "CAC3892B6F49B3126EF8523B";
		};
		"E33F6FBA6F590DDE5A8158BB" = {
			"isa" = "PBXFileReference";
			"lastKnownFileType" = "sourcecode.swift";
			"path" = "QuicktickNative/Views/RootView.swift";
			"sourceTree" = "SOURCE_ROOT";
		};
		"D921DAE40319CAD5DCA2B27E" = {
			"isa" = "PBXBuildFile";
			"fileRef" = "E33F6FBA6F590DDE5A8158BB";
		};
		"AA2684093B1B1CEEA5E31DCB" = {
			"isa" = "PBXFileReference";
			"lastKnownFileType" = "sourcecode.swift";
			"path" = "QuicktickNative/Views/SettingsView.swift";
			"sourceTree" = "SOURCE_ROOT";
		};
		"42CD694123D4126E623B20CE" = {
			"isa" = "PBXBuildFile";
			"fileRef" = "AA2684093B1B1CEEA5E31DCB";
		};
		"E5CEA3CB4160770FAE556407" = {
			"isa" = "PBXFileReference";
			"lastKnownFileType" = "sourcecode.swift";
			"path" = "QuicktickNative/Views/SupportingViews.swift";
			"sourceTree" = "SOURCE_ROOT";
		};
		"30113E7177F6C4EB32F23552" = {
			"isa" = "PBXBuildFile";
			"fileRef" = "E5CEA3CB4160770FAE556407";
		};
		"007FDB79ADCF25AE71095051" = {
			"isa" = "PBXFileReference";
			"lastKnownFileType" = "sourcecode.swift";
			"path" = "QuicktickNativeTests/APIConfigurationTests.swift";
			"sourceTree" = "SOURCE_ROOT";
		};
		"AAA2B3C06C50EB5B270D6A47" = {
			"isa" = "PBXBuildFile";
			"fileRef" = "007FDB79ADCF25AE71095051";
		};
		"EBF74B89DA9C6C143C9AA2D6" = {
			"isa" = "PBXFileReference";
			"lastKnownFileType" = "sourcecode.swift";
			"path" = "QuicktickNativeTests/BridgeFallbackTests.swift";
			"sourceTree" = "SOURCE_ROOT";
		};
		"296495298EF2BE47592C277C" = {
			"isa" = "PBXBuildFile";
			"fileRef" = "EBF74B89DA9C6C143C9AA2D6";
		};
		"EB3EC0AF32C3ED8458E0BCDF" = {
			"isa" = "PBXFileReference";
			"lastKnownFileType" = "text.json";
			"path" = "QuicktickNativeTests/Fixtures/eporner.json";
			"sourceTree" = "SOURCE_ROOT";
		};
		"CED1C57A2E29CBDF26774D60" = {
			"isa" = "PBXBuildFile";
			"fileRef" = "EB3EC0AF32C3ED8458E0BCDF";
		};
		"F73FC5F2642E12710AC334D2" = {
			"isa" = "PBXFileReference";
			"lastKnownFileType" = "text.json";
			"path" = "QuicktickNativeTests/Fixtures/hanime.json";
			"sourceTree" = "SOURCE_ROOT";
		};
		"F854E624DB4AC7CC99445A90" = {
			"isa" = "PBXBuildFile";
			"fileRef" = "F73FC5F2642E12710AC334D2";
		};
		"F422696745B42143030C181A" = {
			"isa" = "PBXFileReference";
			"lastKnownFileType" = "text.json";
			"path" = "QuicktickNativeTests/Fixtures/pornhub.json";
			"sourceTree" = "SOURCE_ROOT";
		};
		"24BC0F43299D712E12B80244" = {
			"isa" = "PBXBuildFile";
			"fileRef" = "F422696745B42143030C181A";
		};
		"9193556AEBFB063734B2A162" = {
			"isa" = "PBXFileReference";
			"lastKnownFileType" = "text.json";
			"path" = "QuicktickNativeTests/Fixtures/redgifs.json";
			"sourceTree" = "SOURCE_ROOT";
		};
		"8F563413A2CA200525C9C9B4" = {
			"isa" = "PBXBuildFile";
			"fileRef" = "9193556AEBFB063734B2A162";
		};
		"A00D35EE326C2421B308F85E" = {
			"isa" = "PBXFileReference";
			"lastKnownFileType" = "text.json";
			"path" = "QuicktickNativeTests/Fixtures/rule34.json";
			"sourceTree" = "SOURCE_ROOT";
		};
		"E7F09928DB5ADF1840E74BE3" = {
			"isa" = "PBXBuildFile";
			"fileRef" = "A00D35EE326C2421B308F85E";
		};
		"513A7E7BC7F7B625B576DF22" = {
			"isa" = "PBXFileReference";
			"lastKnownFileType" = "sourcecode.swift";
			"path" = "QuicktickNativeTests/ImmersiveMediaTests.swift";
			"sourceTree" = "SOURCE_ROOT";
		};
		"E874A51461B51542A42328F6" = {
			"isa" = "PBXBuildFile";
			"fileRef" = "513A7E7BC7F7B625B576DF22";
		};
		"88DA23992F5F8C55B046D60B" = {
			"isa" = "PBXFileReference";
			"lastKnownFileType" = "sourcecode.swift";
			"path" = "QuicktickNativeTests/MediaResolverTests.swift";
			"sourceTree" = "SOURCE_ROOT";
		};
		"42BE8C854396B93468951617" = {
			"isa" = "PBXBuildFile";
			"fileRef" = "88DA23992F5F8C55B046D60B";
		};
		"670D517B1CAB490DD6B1D0B5" = {
			"isa" = "PBXFileReference";
			"lastKnownFileType" = "sourcecode.swift";
			"path" = "QuicktickNativeTests/PersistenceTests.swift";
			"sourceTree" = "SOURCE_ROOT";
		};
		"505A95D236067ABB69460177" = {
			"isa" = "PBXBuildFile";
			"fileRef" = "670D517B1CAB490DD6B1D0B5";
		};
		"B40C55A0F7C6005E1D1A76B4" = {
			"isa" = "PBXFileReference";
			"lastKnownFileType" = "sourcecode.swift";
			"path" = "QuicktickNativeTests/ProviderNormalizationTests.swift";
			"sourceTree" = "SOURCE_ROOT";
		};
		"9928DA1D24EC2DB2E16DB84D" = {
			"isa" = "PBXBuildFile";
			"fileRef" = "B40C55A0F7C6005E1D1A76B4";
		};
		"2FC045618C1B61EAD3CD0608" = {
			"isa" = "PBXFileReference";
			"lastKnownFileType" = "sourcecode.swift";
			"path" = "QuicktickNativeTests/QueryParserTests.swift";
			"sourceTree" = "SOURCE_ROOT";
		};
		"5BE0BF867459EA710F1D3BBE" = {
			"isa" = "PBXBuildFile";
			"fileRef" = "2FC045618C1B61EAD3CD0608";
		};
		"F3A31D444A172891F69C143A" = {
			"isa" = "PBXFileReference";
			"lastKnownFileType" = "sourcecode.swift";
			"path" = "QuicktickNativeTests/RecommendationBridgeTests.swift";
			"sourceTree" = "SOURCE_ROOT";
		};
		"F41501D37136FB384F035BA2" = {
			"isa" = "PBXBuildFile";
			"fileRef" = "F3A31D444A172891F69C143A";
		};
		"18E1F10A89A09252CEC5591B" = {
			"isa" = "PBXFileReference";
			"lastKnownFileType" = "sourcecode.swift";
			"path" = "QuicktickNativeTests/RecommendationTests.swift";
			"sourceTree" = "SOURCE_ROOT";
		};
		"49C1E740CC40A3CBB826401E" = {
			"isa" = "PBXBuildFile";
			"fileRef" = "18E1F10A89A09252CEC5591B";
		};
		"3C6F9848C8D464270781E19A" = {
			"isa" = "PBXFileReference";
			"lastKnownFileType" = "sourcecode.swift";
			"path" = "QuicktickNativeTests/SyncCryptoTests.swift";
			"sourceTree" = "SOURCE_ROOT";
		};
		"60EFEBC722AC2DF982B5A117" = {
			"isa" = "PBXBuildFile";
			"fileRef" = "3C6F9848C8D464270781E19A";
		};
		"CE84D0A97A98DC466C6E2D76" = {
			"isa" = "PBXFileReference";
			"lastKnownFileType" = "sourcecode.swift";
			"path" = "QuicktickNativeTests/SyncMergeTests.swift";
			"sourceTree" = "SOURCE_ROOT";
		};
		"822622462A5CC158D7A9B906" = {
			"isa" = "PBXBuildFile";
			"fileRef" = "CE84D0A97A98DC466C6E2D76";
		};
		"073C0CC6C30BC6A644063462" = {
			"isa" = "PBXFileReference";
			"lastKnownFileType" = "sourcecode.swift";
			"path" = "QuicktickNativeTests/SyncServiceTests.swift";
			"sourceTree" = "SOURCE_ROOT";
		};
		"BFD69E6457B16CA77FD5DF7D" = {
			"isa" = "PBXBuildFile";
			"fileRef" = "073C0CC6C30BC6A644063462";
		};
		"E9C974562A88FC7884953A1A" = {
			"isa" = "PBXFileReference";
			"lastKnownFileType" = "sourcecode.swift";
			"path" = "QuicktickNativeUITests/NavigationTests.swift";
			"sourceTree" = "SOURCE_ROOT";
		};
		"7D07306D856201304BC5BA9F" = {
			"isa" = "PBXBuildFile";
			"fileRef" = "E9C974562A88FC7884953A1A";
		};
		"60460E000A21BDF8094BEA85" = {
			"isa" = "PBXFileReference";
			"explicitFileType" = "wrapper.application";
			"includeInIndex" = "0";
			"path" = "QuicktickNative.app";
			"sourceTree" = "BUILT_PRODUCTS_DIR";
		};
		"56C019EB6693DCF395D633CB" = {
			"isa" = "PBXSourcesBuildPhase";
			"buildActionMask" = "2147483647";
			"files" = (
				"D4FD1C87D8933489852E04A7",
				"2DEC5046A9C8EEFAC629537C",
				"34AB723F8387E1EF6F4A187A",
				"78D3CEBAFF2BDC79E45DD180",
				"7586A8736CAC9136DF6A5EDE",
				"6CE2E28A3BC95A3DE6235200",
				"74C3000342B3600E81357A77",
				"EDE746768E74007E9D47D708",
				"04FD5CB7FE8230973247D44E",
				"A4CB4F1BDFB6D2C9C0E50552",
				"DFB5E91480114B0733A3604C",
				"162CAE951FD81B08B180CC7A",
				"89E242FC7239ACF9C06CBD6C",
				"425F5FC3C30F1DA237937F6E",
				"5B47A33EBE25072040414F02",
				"200BB25D8EF6835B61B65571",
				"8082EAC257B66C5E3F935AFB",
				"014EA25DE629E681B9205987",
				"1D467EC36BF43BAF05661909",
				"8C78320B0214E9830B8B704C",
				"A3DBBA346C911D403CEE722E",
				"C6F2F0D622C7420C6DDC1F8D",
				"A0267183887649F0D3445D4D",
				"4AD8375EB7F87863CF4A2393",
				"E387E06DA4108E30F74431FB",
				"5F5D5B6479064E9F062A8C14",
				"C55355093960707535D47288",
				"895213AA864B6BE22465566F",
				"63B2F804C0104A71893515CD",
				"7DCD0AC2B70A7CDAA6322831",
				"D921DAE40319CAD5DCA2B27E",
				"42CD694123D4126E623B20CE",
				"30113E7177F6C4EB32F23552",
			);
			"runOnlyForDeploymentPostprocessing" = "0";
		};
		"7954B34189140C46B1146E49" = {
			"isa" = "PBXResourcesBuildPhase";
			"buildActionMask" = "2147483647";
			"files" = (
			);
			"runOnlyForDeploymentPostprocessing" = "0";
		};
		"2C791EC7EC343E6760EB21BE" = {
			"isa" = "PBXFrameworksBuildPhase";
			"buildActionMask" = "2147483647";
			"files" = (
			);
			"runOnlyForDeploymentPostprocessing" = "0";
		};
		"12E3B221EBCBAC0F843FE6AB" = {
			"isa" = "XCBuildConfiguration";
			"buildSettings" = {
				"PRODUCT_BUNDLE_IDENTIFIER" = "com.quicktick.QuicktickNative";
				"PRODUCT_NAME" = "$(TARGET_NAME)";
				"GENERATE_INFOPLIST_FILE" = "NO";
				"SWIFT_VERSION" = "6.0";
				"IPHONEOS_DEPLOYMENT_TARGET" = "17.0";
				"TARGETED_DEVICE_FAMILY" = "1,2";
				"CODE_SIGN_STYLE" = "Automatic";
				"SWIFT_EMIT_LOC_STRINGS" = "YES";
				"MARKETING_VERSION" = "0.6.24";
				"CURRENT_PROJECT_VERSION" = "2";
				"INFOPLIST_KEY_QUICKTICK_API_BASE_URL" = "$(QUICKTICK_API_BASE_URL)";
				"INFOPLIST_KEY_UIApplicationSceneManifest_Generation" = "YES";
				"INFOPLIST_KEY_UILaunchScreen_Generation" = "YES";
				"INFOPLIST_KEY_UISupportedInterfaceOrientations" = "UIInterfaceOrientationPortrait UIInterfaceOrientationLandscapeLeft UIInterfaceOrientationLandscapeRight";
				"INFOPLIST_KEY_UISupportedInterfaceOrientations_iPad" = "UIInterfaceOrientationPortrait UIInterfaceOrientationPortraitUpsideDown UIInterfaceOrientationLandscapeLeft UIInterfaceOrientationLandscapeRight";
				"INFOPLIST_KEY_CFBundleDisplayName" = "Quicktick";
				"LD_RUNPATH_SEARCH_PATHS" = "$(inherited) @executable_path/Frameworks";
				"INFOPLIST_FILE" = "Config/Info.plist";
			};
			"name" = "Debug";
			"baseConfigurationReference" = "734399CC5ADF15F31FBB8FDF";
		};
		"DCBCB29148794E7A95A8D17C" = {
			"isa" = "XCBuildConfiguration";
			"buildSettings" = {
				"PRODUCT_BUNDLE_IDENTIFIER" = "com.quicktick.QuicktickNative";
				"PRODUCT_NAME" = "$(TARGET_NAME)";
				"GENERATE_INFOPLIST_FILE" = "NO";
				"SWIFT_VERSION" = "6.0";
				"IPHONEOS_DEPLOYMENT_TARGET" = "17.0";
				"TARGETED_DEVICE_FAMILY" = "1,2";
				"CODE_SIGN_STYLE" = "Automatic";
				"SWIFT_EMIT_LOC_STRINGS" = "YES";
				"MARKETING_VERSION" = "0.6.24";
				"CURRENT_PROJECT_VERSION" = "2";
				"INFOPLIST_KEY_QUICKTICK_API_BASE_URL" = "$(QUICKTICK_API_BASE_URL)";
				"INFOPLIST_KEY_UIApplicationSceneManifest_Generation" = "YES";
				"INFOPLIST_KEY_UILaunchScreen_Generation" = "YES";
				"INFOPLIST_KEY_UISupportedInterfaceOrientations" = "UIInterfaceOrientationPortrait UIInterfaceOrientationLandscapeLeft UIInterfaceOrientationLandscapeRight";
				"INFOPLIST_KEY_UISupportedInterfaceOrientations_iPad" = "UIInterfaceOrientationPortrait UIInterfaceOrientationPortraitUpsideDown UIInterfaceOrientationLandscapeLeft UIInterfaceOrientationLandscapeRight";
				"INFOPLIST_KEY_CFBundleDisplayName" = "Quicktick";
				"LD_RUNPATH_SEARCH_PATHS" = "$(inherited) @executable_path/Frameworks";
				"INFOPLIST_FILE" = "Config/Info.plist";
			};
			"name" = "Release";
			"baseConfigurationReference" = "6414AD7185FE22D4F0767C2B";
		};
		"925E4DD76410A46DCFF65275" = {
			"isa" = "XCConfigurationList";
			"buildConfigurations" = (
				"12E3B221EBCBAC0F843FE6AB",
				"DCBCB29148794E7A95A8D17C",
			);
			"defaultConfigurationIsVisible" = "0";
			"defaultConfigurationName" = "Release";
		};
		"BFB5315368747496074D96E9" = {
			"isa" = "PBXNativeTarget";
			"buildConfigurationList" = "925E4DD76410A46DCFF65275";
			"buildPhases" = (
				"56C019EB6693DCF395D633CB",
				"2C791EC7EC343E6760EB21BE",
				"7954B34189140C46B1146E49",
			);
			"buildRules" = (
			);
			"dependencies" = (
			);
			"name" = "QuicktickNative";
			"productName" = "QuicktickNative";
			"productReference" = "60460E000A21BDF8094BEA85";
			"productType" = "com.apple.product-type.application";
		};
		"4CB2C25FF89E59DDC261D6C0" = {
			"isa" = "PBXFileReference";
			"explicitFileType" = "wrapper.cfbundle";
			"includeInIndex" = "0";
			"path" = "QuicktickNativeTests.xctest";
			"sourceTree" = "BUILT_PRODUCTS_DIR";
		};
		"D74FD4152DBCD504F7D66994" = {
			"isa" = "PBXSourcesBuildPhase";
			"buildActionMask" = "2147483647";
			"files" = (
				"AAA2B3C06C50EB5B270D6A47",
				"296495298EF2BE47592C277C",
				"E874A51461B51542A42328F6",
				"42BE8C854396B93468951617",
				"505A95D236067ABB69460177",
				"9928DA1D24EC2DB2E16DB84D",
				"5BE0BF867459EA710F1D3BBE",
				"F41501D37136FB384F035BA2",
				"49C1E740CC40A3CBB826401E",
				"60EFEBC722AC2DF982B5A117",
				"822622462A5CC158D7A9B906",
				"BFD69E6457B16CA77FD5DF7D",
			);
			"runOnlyForDeploymentPostprocessing" = "0";
		};
		"E9E9308E206EBC91EE30F88D" = {
			"isa" = "PBXResourcesBuildPhase";
			"buildActionMask" = "2147483647";
			"files" = (
				"CED1C57A2E29CBDF26774D60",
				"F854E624DB4AC7CC99445A90",
				"24BC0F43299D712E12B80244",
				"8F563413A2CA200525C9C9B4",
				"E7F09928DB5ADF1840E74BE3",
			);
			"runOnlyForDeploymentPostprocessing" = "0";
		};
		"A99459913165F765AC1D1B31" = {
			"isa" = "PBXFrameworksBuildPhase";
			"buildActionMask" = "2147483647";
			"files" = (
			);
			"runOnlyForDeploymentPostprocessing" = "0";
		};
		"D71F1C3457BB9E68660CAB17" = {
			"isa" = "XCBuildConfiguration";
			"buildSettings" = {
				"PRODUCT_BUNDLE_IDENTIFIER" = "com.quicktick.QuicktickNativeTests";
				"PRODUCT_NAME" = "$(TARGET_NAME)";
				"GENERATE_INFOPLIST_FILE" = "YES";
				"SWIFT_VERSION" = "6.0";
				"IPHONEOS_DEPLOYMENT_TARGET" = "17.0";
				"TARGETED_DEVICE_FAMILY" = "1,2";
				"CODE_SIGN_STYLE" = "Automatic";
				"SWIFT_EMIT_LOC_STRINGS" = "YES";
				"TEST_HOST" = "$(BUILT_PRODUCTS_DIR)/QuicktickNative.app/QuicktickNative";
				"BUNDLE_LOADER" = "$(TEST_HOST)";
				"LD_RUNPATH_SEARCH_PATHS" = "$(inherited) @executable_path/Frameworks @loader_path/Frameworks";
			};
			"name" = "Debug";
		};
		"0F2A3A569E363D48DCBBF0CA" = {
			"isa" = "XCBuildConfiguration";
			"buildSettings" = {
				"PRODUCT_BUNDLE_IDENTIFIER" = "com.quicktick.QuicktickNativeTests";
				"PRODUCT_NAME" = "$(TARGET_NAME)";
				"GENERATE_INFOPLIST_FILE" = "YES";
				"SWIFT_VERSION" = "6.0";
				"IPHONEOS_DEPLOYMENT_TARGET" = "17.0";
				"TARGETED_DEVICE_FAMILY" = "1,2";
				"CODE_SIGN_STYLE" = "Automatic";
				"SWIFT_EMIT_LOC_STRINGS" = "YES";
				"TEST_HOST" = "$(BUILT_PRODUCTS_DIR)/QuicktickNative.app/QuicktickNative";
				"BUNDLE_LOADER" = "$(TEST_HOST)";
				"LD_RUNPATH_SEARCH_PATHS" = "$(inherited) @executable_path/Frameworks @loader_path/Frameworks";
			};
			"name" = "Release";
		};
		"7C4AC72352447A79B2AF7C43" = {
			"isa" = "XCConfigurationList";
			"buildConfigurations" = (
				"D71F1C3457BB9E68660CAB17",
				"0F2A3A569E363D48DCBBF0CA",
			);
			"defaultConfigurationIsVisible" = "0";
			"defaultConfigurationName" = "Release";
		};
		"5481BAB194989C12C6A34261" = {
			"isa" = "PBXContainerItemProxy";
			"containerPortal" = "244210E48437B6556980A702";
			"proxyType" = "1";
			"remoteGlobalIDString" = "BFB5315368747496074D96E9";
			"remoteInfo" = "QuicktickNative";
		};
		"872FE9C0FC736CAC582BA904" = {
			"isa" = "PBXTargetDependency";
			"target" = "BFB5315368747496074D96E9";
			"targetProxy" = "5481BAB194989C12C6A34261";
		};
		"5E96F6912930ECC859662E59" = {
			"isa" = "PBXNativeTarget";
			"buildConfigurationList" = "7C4AC72352447A79B2AF7C43";
			"buildPhases" = (
				"D74FD4152DBCD504F7D66994",
				"A99459913165F765AC1D1B31",
				"E9E9308E206EBC91EE30F88D",
			);
			"buildRules" = (
			);
			"dependencies" = (
				"872FE9C0FC736CAC582BA904",
			);
			"name" = "QuicktickNativeTests";
			"productName" = "QuicktickNativeTests";
			"productReference" = "4CB2C25FF89E59DDC261D6C0";
			"productType" = "com.apple.product-type.bundle.unit-test";
		};
		"E89CD3309AC5BEC08D10FB50" = {
			"isa" = "PBXFileReference";
			"explicitFileType" = "wrapper.cfbundle";
			"includeInIndex" = "0";
			"path" = "QuicktickNativeUITests.xctest";
			"sourceTree" = "BUILT_PRODUCTS_DIR";
		};
		"348BD564548188815B6810DE" = {
			"isa" = "PBXSourcesBuildPhase";
			"buildActionMask" = "2147483647";
			"files" = (
				"7D07306D856201304BC5BA9F",
			);
			"runOnlyForDeploymentPostprocessing" = "0";
		};
		"F70732AFF75AE5130EABD1AF" = {
			"isa" = "PBXResourcesBuildPhase";
			"buildActionMask" = "2147483647";
			"files" = (
			);
			"runOnlyForDeploymentPostprocessing" = "0";
		};
		"A86F18AA6EDB6CBE65FC9C10" = {
			"isa" = "PBXFrameworksBuildPhase";
			"buildActionMask" = "2147483647";
			"files" = (
			);
			"runOnlyForDeploymentPostprocessing" = "0";
		};
		"9023A228A629EAE32D6641E8" = {
			"isa" = "XCBuildConfiguration";
			"buildSettings" = {
				"PRODUCT_BUNDLE_IDENTIFIER" = "com.quicktick.QuicktickNativeUITests";
				"PRODUCT_NAME" = "$(TARGET_NAME)";
				"GENERATE_INFOPLIST_FILE" = "YES";
				"SWIFT_VERSION" = "6.0";
				"IPHONEOS_DEPLOYMENT_TARGET" = "17.0";
				"TARGETED_DEVICE_FAMILY" = "1,2";
				"CODE_SIGN_STYLE" = "Automatic";
				"SWIFT_EMIT_LOC_STRINGS" = "YES";
				"TEST_TARGET_NAME" = "QuicktickNative";
			};
			"name" = "Debug";
		};
		"55D7A8A8F4996241A5D6A420" = {
			"isa" = "XCBuildConfiguration";
			"buildSettings" = {
				"PRODUCT_BUNDLE_IDENTIFIER" = "com.quicktick.QuicktickNativeUITests";
				"PRODUCT_NAME" = "$(TARGET_NAME)";
				"GENERATE_INFOPLIST_FILE" = "YES";
				"SWIFT_VERSION" = "6.0";
				"IPHONEOS_DEPLOYMENT_TARGET" = "17.0";
				"TARGETED_DEVICE_FAMILY" = "1,2";
				"CODE_SIGN_STYLE" = "Automatic";
				"SWIFT_EMIT_LOC_STRINGS" = "YES";
				"TEST_TARGET_NAME" = "QuicktickNative";
			};
			"name" = "Release";
		};
		"AABD822DD52C22C650109830" = {
			"isa" = "XCConfigurationList";
			"buildConfigurations" = (
				"9023A228A629EAE32D6641E8",
				"55D7A8A8F4996241A5D6A420",
			);
			"defaultConfigurationIsVisible" = "0";
			"defaultConfigurationName" = "Release";
		};
		"2545223BC9292A8ABF6C2399" = {
			"isa" = "PBXContainerItemProxy";
			"containerPortal" = "244210E48437B6556980A702";
			"proxyType" = "1";
			"remoteGlobalIDString" = "BFB5315368747496074D96E9";
			"remoteInfo" = "QuicktickNative";
		};
		"A3E53FE01ED3575E52093017" = {
			"isa" = "PBXTargetDependency";
			"target" = "BFB5315368747496074D96E9";
			"targetProxy" = "2545223BC9292A8ABF6C2399";
		};
		"578FF7ED90DDEF177365494D" = {
			"isa" = "PBXNativeTarget";
			"buildConfigurationList" = "AABD822DD52C22C650109830";
			"buildPhases" = (
				"348BD564548188815B6810DE",
				"A86F18AA6EDB6CBE65FC9C10",
				"F70732AFF75AE5130EABD1AF",
			);
			"buildRules" = (
			);
			"dependencies" = (
				"A3E53FE01ED3575E52093017",
			);
			"name" = "QuicktickNativeUITests";
			"productName" = "QuicktickNativeUITests";
			"productReference" = "E89CD3309AC5BEC08D10FB50";
			"productType" = "com.apple.product-type.bundle.ui-testing";
		};
		"0A3E27B8CA818264D75C8D81" = {
			"isa" = "PBXGroup";
			"children" = (
				"60460E000A21BDF8094BEA85",
				"4CB2C25FF89E59DDC261D6C0",
				"E89CD3309AC5BEC08D10FB50",
			);
			"name" = "Products";
			"sourceTree" = "<group>";
		};
		"0D6E4079E36703EBD37C0072" = {
			"isa" = "PBXGroup";
			"children" = (
				"734399CC5ADF15F31FBB8FDF",
				"B4686A9D30CDA7DE4C3F2F33",
				"6414AD7185FE22D4F0767C2B",
				"45134B7486A66B43C05DD36F",
				"907362A7CF4ADBC7CAE0AFC6",
				"1CB8D62245F6A30ACD4E11A4",
				"31E47C94D5ED38B3FBF8B2D3",
				"2FBA7AE2BF2B055F91C7FE95",
				"3A7271491A671AAACEE62138",
				"B3228848DF402F2575178CEA",
				"1E905080AB05B4DFB71C9BF9",
				"DC1E49A478061D498896EA51",
				"54E33A269CEE13883C732856",
				"C68DB58B031F4FAE76676837",
				"389E1A33B22AC6CB4D33F2D8",
				"958E32079798A01E8FE33D3E",
				"2353CC5A2E0B0F2F27EC4689",
				"8766F1F6224A1FA0A79AF87D",
				"E6303B6F7E12447B2BBDD490",
				"52017ACAB005439921FF207A",
				"FCB2471E10381709D24E4BE2",
				"1CA4346E247B66C50EDB9280",
				"7C54B72DC1B9E24B33CFEBC1",
				"60E93205A75B91DE3BE3FF87",
				"2B2B7A4CE68DA91301C4F881",
				"D08EEE6354DE3E85DD6233EA",
				"DA5D3A3703705760A338173D",
				"194A9491C4A6AC1DB3E849C3",
				"DDE68145EE931C5A683E4D4E",
				"84FB9D25F36C5DD7573D03A6",
				"C7ECA804C9D8CE01AE52A688",
				"C4F4353A94D2BB68F6663B08",
				"CAC3892B6F49B3126EF8523B",
				"E33F6FBA6F590DDE5A8158BB",
				"AA2684093B1B1CEEA5E31DCB",
				"E5CEA3CB4160770FAE556407",
				"007FDB79ADCF25AE71095051",
				"EBF74B89DA9C6C143C9AA2D6",
				"EB3EC0AF32C3ED8458E0BCDF",
				"F73FC5F2642E12710AC334D2",
				"F422696745B42143030C181A",
				"9193556AEBFB063734B2A162",
				"A00D35EE326C2421B308F85E",
				"513A7E7BC7F7B625B576DF22",
				"88DA23992F5F8C55B046D60B",
				"670D517B1CAB490DD6B1D0B5",
				"B40C55A0F7C6005E1D1A76B4",
				"2FC045618C1B61EAD3CD0608",
				"F3A31D444A172891F69C143A",
				"18E1F10A89A09252CEC5591B",
				"3C6F9848C8D464270781E19A",
				"CE84D0A97A98DC466C6E2D76",
				"073C0CC6C30BC6A644063462",
				"E9C974562A88FC7884953A1A",
				"0A3E27B8CA818264D75C8D81",
			);
			"sourceTree" = "<group>";
		};
		"3CCE7051BAA1B8E65CDEECD3" = {
			"isa" = "XCBuildConfiguration";
			"buildSettings" = {
				"SDKROOT" = "iphoneos";
				"CLANG_ENABLE_MODULES" = "YES";
				"CLANG_ENABLE_OBJC_ARC" = "YES";
				"SWIFT_VERSION" = "6.0";
				"IPHONEOS_DEPLOYMENT_TARGET" = "17.0";
				"SWIFT_OPTIMIZATION_LEVEL" = "-Onone";
				"DEBUG_INFORMATION_FORMAT" = "dwarf";
				"SWIFT_ACTIVE_COMPILATION_CONDITIONS" = "DEBUG $(inherited)";
				"ENABLE_TESTABILITY" = "YES";
				"ONLY_ACTIVE_ARCH" = "YES";
				"COPY_PHASE_STRIP" = "NO";
			};
			"name" = "Debug";
		};
		"EB9B6A82A6FECD10C0E43155" = {
			"isa" = "XCBuildConfiguration";
			"buildSettings" = {
				"SDKROOT" = "iphoneos";
				"CLANG_ENABLE_MODULES" = "YES";
				"CLANG_ENABLE_OBJC_ARC" = "YES";
				"SWIFT_VERSION" = "6.0";
				"IPHONEOS_DEPLOYMENT_TARGET" = "17.0";
				"SWIFT_OPTIMIZATION_LEVEL" = "-O";
				"DEBUG_INFORMATION_FORMAT" = "dwarf-with-dsym";
			};
			"name" = "Release";
		};
		"76F8DEC3DFE0BDB465198890" = {
			"isa" = "XCConfigurationList";
			"buildConfigurations" = (
				"3CCE7051BAA1B8E65CDEECD3",
				"EB9B6A82A6FECD10C0E43155",
			);
			"defaultConfigurationIsVisible" = "0";
			"defaultConfigurationName" = "Release";
		};
		"244210E48437B6556980A702" = {
			"isa" = "PBXProject";
			"attributes" = {
				"LastUpgradeCheck" = "1600";
			};
			"buildConfigurationList" = "76F8DEC3DFE0BDB465198890";
			"compatibilityVersion" = "Xcode 14.0";
			"developmentRegion" = "en";
			"hasScannedForEncodings" = "0";
			"knownRegions" = (
				"en",
				"Base",
			);
			"mainGroup" = "0D6E4079E36703EBD37C0072";
			"productRefGroup" = "0A3E27B8CA818264D75C8D81";
			"projectDirPath" = "";
			"projectRoot" = "";
			"targets" = (
				"BFB5315368747496074D96E9",
				"5E96F6912930ECC859662E59",
				"578FF7ED90DDEF177365494D",
			);
		};
	};
	"rootObject" = "244210E48437B6556980A702";
}
